
Microsoft Visual Studio Solution File, Format Version 12.00
# Visual Studio Version 16
VisualStudioVersion = 16.0.30907.101
MinimumVisualStudioVersion = 10.0.40219.1
Project("{FAE04EC0-301F-11D3-BF4B-00C04F79EFBC}") = "MvcAWSS3", "MvcAWSS3\MvcAWSS3.csproj", "{1C325B77-EE32-481E-A178-0C2576F3FA69}"
EndProject
Global
	GlobalSection(SolutionConfigurationPlatforms) = preSolution
		Debug|Any CPU = Debug|Any CPU
		Release|Any CPU = Release|Any CPU
	EndGlobalSection
	GlobalSection(ProjectConfigurationPlatforms) = postSolution
		{1C325B77-EE32-481E-A178-0C2576F3FA69}.Debug|Any CPU.ActiveCfg = Debug|Any CPU
		{1C325B77-EE32-481E-A178-0C2576F3FA69}.Debug|Any CPU.Build.0 = Debug|Any CPU
		{1C325B77-EE32-481E-A178-0C2576F3FA69}.Release|Any CPU.ActiveCfg = Release|Any CPU
		{1C325B77-EE32-481E-A178-0C2576F3FA69}.Release|Any CPU.Build.0 = Release|Any CPU
	EndGlobalSection
	GlobalSection(SolutionProperties) = preSolution
		HideSolutionNode = FALSE
	EndGlobalSection
	GlobalSection(ExtensibilityGlobals) = postSolution
		SolutionGuid = {A222CE4C-75C8-4139-9503-6624BE68D2EC}
	EndGlobalSection
EndGlobal
